{
  "requires": true,
  "lockfileVersion": 1,
  "dependencies": {
    "event-source-polyfill": {
      "version": "1.0.12",
      "resolved": "https://registry.npmjs.org/event-source-polyfill/-/event-source-polyfill-1.0.12.tgz",
      "integrity": "sha512-WjOTn0LIbaN08z/8gNt3GYAomAdm6cZ2lr/QdvhTTEipr5KR6lds2ziUH+p/Iob4Lk6NClKhwPOmn1NjQEcJCg=="
    }
  }
}
